
Microsoft Visual Studio Solution File, Format Version 12.00
# Visual Studio Version 16
VisualStudioVersion = 16.0.32510.428
MinimumVisualStudioVersion = 10.0.40219.1
Project("{FAE04EC0-301F-11D3-BF4B-00C04F79EFBC}") = "Parser-FlenovInfo", "Parser-FlenovInfo.csproj", "{DAF3FE4F-22AE-4D81-980C-253F7A9BF242}"
EndProject
Global
	GlobalSection(SolutionConfigurationPlatforms) = preSolution
		Debug|Any CPU = Debug|Any CPU
		Release|Any CPU = Release|Any CPU
	EndGlobalSection
	GlobalSection(ProjectConfigurationPlatforms) = postSolution
		{DAF3FE4F-22AE-4D81-980C-253F7A9BF242}.Debug|Any CPU.ActiveCfg = Debug|Any CPU
		{DAF3FE4F-22AE-4D81-980C-253F7A9BF242}.Debug|Any CPU.Build.0 = Debug|Any CPU
		{DAF3FE4F-22AE-4D81-980C-253F7A9BF242}.Release|Any CPU.ActiveCfg = Release|Any CPU
		{DAF3FE4F-22AE-4D81-980C-253F7A9BF242}.Release|Any CPU.Build.0 = Release|Any CPU
	EndGlobalSection
	GlobalSection(SolutionProperties) = preSolution
		HideSolutionNode = FALSE
	EndGlobalSection
	GlobalSection(ExtensibilityGlobals) = postSolution
		SolutionGuid = {ECDC23CD-61D8-499E-B3CA-D0D8E3CAF133}
	EndGlobalSection
EndGlobal
